
Microsoft Visual Studio Solution File, Format Version 12.00
# Visual Studio Version 17
VisualStudioVersion = 17.4.33213.308
MinimumVisualStudioVersion = 10.0.40219.1
Project("{FAE04EC0-301F-11D3-BF4B-00C04F79EFBC}") = "Pokemon Battle 653450279-6", "Pokemon Battle 653450279-6\Pokemon Battle 653450279-6.csproj", "{F6A14B5A-F129-4B39-BCD6-26613A40A3EB}"
EndProject
Global
	GlobalSection(SolutionConfigurationPlatforms) = preSolution
		Debug|Any CPU = Debug|Any CPU
		Release|Any CPU = Release|Any CPU
	EndGlobalSection
	GlobalSection(ProjectConfigurationPlatforms) = postSolution
		{F6A14B5A-F129-4B39-BCD6-26613A40A3EB}.Debug|Any CPU.ActiveCfg = Debug|Any CPU
		{F6A14B5A-F129-4B39-BCD6-26613A40A3EB}.Debug|Any CPU.Build.0 = Debug|Any CPU
		{F6A14B5A-F129-4B39-BCD6-26613A40A3EB}.Release|Any CPU.ActiveCfg = Release|Any CPU
		{F6A14B5A-F129-4B39-BCD6-26613A40A3EB}.Release|Any CPU.Build.0 = Release|Any CPU
	EndGlobalSection
	GlobalSection(SolutionProperties) = preSolution
		HideSolutionNode = FALSE
	EndGlobalSection
	GlobalSection(ExtensibilityGlobals) = postSolution
		SolutionGuid = {74A87DEB-42B1-4143-B536-B9F4EC00A6F2}
	EndGlobalSection
EndGlobal
